
Microsoft Visual Studio Solution File, Format Version 12.00
# Visual Studio Version 16
VisualStudioVersion = 16.0.32228.343
MinimumVisualStudioVersion = 10.0.40219.1
Project("{FAE04EC0-301F-11D3-BF4B-00C04F79EFBC}") = "Tarea24.Android", "Tarea24\Tarea24.Android\Tarea24.Android.csproj", "{32DEAE3A-26BB-433A-B2E3-1CF8F0292618}"
EndProject
Project("{FAE04EC0-301F-11D3-BF4B-00C04F79EFBC}") = "Tarea24", "Tarea24\Tarea24\Tarea24.csproj", "{4FA62D43-A1BC-4FD3-9ACC-70BBD07740B2}"
EndProject
Global
	GlobalSection(SolutionConfigurationPlatforms) = preSolution
		Debug|Any CPU = Debug|Any CPU
		Release|Any CPU = Release|Any CPU
	EndGlobalSection
	GlobalSection(ProjectConfigurationPlatforms) = postSolution
		{32DEAE3A-26BB-433A-B2E3-1CF8F0292618}.Debug|Any CPU.ActiveCfg = Debug|Any CPU
		{32DEAE3A-26BB-433A-B2E3-1CF8F0292618}.Debug|Any CPU.Build.0 = Debug|Any CPU
		{32DEAE3A-26BB-433A-B2E3-1CF8F0292618}.Debug|Any CPU.Deploy.0 = Debug|Any CPU
		{32DEAE3A-26BB-433A-B2E3-1CF8F0292618}.Release|Any CPU.ActiveCfg = Release|Any CPU
		{32DEAE3A-26BB-433A-B2E3-1CF8F0292618}.Release|Any CPU.Build.0 = Release|Any CPU
		{32DEAE3A-26BB-433A-B2E3-1CF8F0292618}.Release|Any CPU.Deploy.0 = Release|Any CPU
		{4FA62D43-A1BC-4FD3-9ACC-70BBD07740B2}.Debug|Any CPU.ActiveCfg = Debug|Any CPU
		{4FA62D43-A1BC-4FD3-9ACC-70BBD07740B2}.Debug|Any CPU.Build.0 = Debug|Any CPU
		{4FA62D43-A1BC-4FD3-9ACC-70BBD07740B2}.Debug|Any CPU.Deploy.0 = Debug|Any CPU
		{4FA62D43-A1BC-4FD3-9ACC-70BBD07740B2}.Release|Any CPU.ActiveCfg = Release|Any CPU
		{4FA62D43-A1BC-4FD3-9ACC-70BBD07740B2}.Release|Any CPU.Build.0 = Release|Any CPU
		{4FA62D43-A1BC-4FD3-9ACC-70BBD07740B2}.Release|Any CPU.Deploy.0 = Release|Any CPU
	EndGlobalSection
	GlobalSection(SolutionProperties) = preSolution
		HideSolutionNode = FALSE
	EndGlobalSection
	GlobalSection(ExtensibilityGlobals) = postSolution
		SolutionGuid = {3A19854A-A0F4-4AE4-B20A-3082336608FF}
	EndGlobalSection
EndGlobal
